// !$*UTF8*$!
{
	archiveVersion = 1;
	classes = {
	};
	objectVersion = 46;
	objects = {

/* Begin PBXBuildFile section */
		988C29661D5B5585007E4123 /* MainTabBarController.m in Sources */ = {isa = PBXBuildFile; fileRef = 988C29651D5B5585007E4123 /* MainTabBarController.m */; };
		988C296B1D5B7360007E4123 /* MyTabBar.m in Sources */ = {isa = PBXBuildFile; fileRef = 988C296A1D5B7360007E4123 /* MyTabBar.m */; };
		988C296E1D5B7561007E4123 /* MyTabBarButton.m in Sources */ = {isa = PBXBuildFile; fileRef = 988C296D1D5B7561007E4123 /* MyTabBarButton.m */; };
		988C29711D5B8D3D007E4123 /* MyNavigationController.m in Sources */ = {isa = PBXBuildFile; fileRef = 988C29701D5B8D3D007E4123 /* MyNavigationController.m */; };
		988C297D1D5E26CF007E4123 /* UIImage+Extension.m in Sources */ = {isa = PBXBuildFile; fileRef = 988C297C1D5E26CF007E4123 /* UIImage+Extension.m */; };
		988C29821D5E279E007E4123 /* MineViewController.m in Sources */ = {isa = PBXBuildFile; fileRef = 988C29811D5E279E007E4123 /* MineViewController.m */; };
		988C29871D5E2FB9007E4123 /* SettingsController.m in Sources */ = {isa = PBXBuildFile; fileRef = 988C29861D5E2FB9007E4123 /* SettingsController.m */; };
		988C298D1D5E3E75007E4123 /* SettingsBaseItemModel.m in Sources */ = {isa = PBXBuildFile; fileRef = 988C298C1D5E3E75007E4123 /* SettingsBaseItemModel.m */; };
		988C29911D5E420A007E4123 /* SettingsGroupModel.m in Sources */ = {isa = PBXBuildFile; fileRef = 988C29901D5E420A007E4123 /* SettingsGroupModel.m */; };
		988C29951D5E4DEB007E4123 /* SettingsTableViewCell.m in Sources */ = {isa = PBXBuildFile; fileRef = 988C29941D5E4DEB007E4123 /* SettingsTableViewCell.m */; };
		988C29991D5E5382007E4123 /* SettingsArrowItemModel.m in Sources */ = {isa = PBXBuildFile; fileRef = 988C29981D5E5381007E4123 /* SettingsArrowItemModel.m */; };
		988C299F1D5E5983007E4123 /* SettingsSwitchItemModel.m in Sources */ = {isa = PBXBuildFile; fileRef = 988C299E1D5E5983007E4123 /* SettingsSwitchItemModel.m */; };
		988C29A41D5E6E02007E4123 /* MBProgressHUD.m in Sources */ = {isa = PBXBuildFile; fileRef = 988C29A31D5E6E02007E4123 /* MBProgressHUD.m */; };
		988C29A71D5E6E80007E4123 /* MBProgressHUD+Extension.m in Sources */ = {isa = PBXBuildFile; fileRef = 988C29A61D5E6E80007E4123 /* MBProgressHUD+Extension.m */; };
		988C29AB1D60C44E007E4123 /* help.json in Resources */ = {isa = PBXBuildFile; fileRef = 988C29AA1D60C44E007E4123 /* help.json */; };
		988C29AE1D60C470007E4123 /* HelpModel.m in Sources */ = {isa = PBXBuildFile; fileRef = 988C29AD1D60C470007E4123 /* HelpModel.m */; };
		988C29B31D60C541007E4123 /* SettingsBaseController.m in Sources */ = {isa = PBXBuildFile; fileRef = 988C29B21D60C541007E4123 /* SettingsBaseController.m */; };
		988C29B61D60C6D0007E4123 /* HelpController.m in Sources */ = {isa = PBXBuildFile; fileRef = 988C29B51D60C6D0007E4123 /* HelpController.m */; };
		98DE50EF1D043A1900DF4CF4 /* main.m in Sources */ = {isa = PBXBuildFile; fileRef = 98DE50EE1D043A1900DF4CF4 /* main.m */; };
		98DE50F21D043A1900DF4CF4 /* AppDelegate.m in Sources */ = {isa = PBXBuildFile; fileRef = 98DE50F11D043A1900DF4CF4 /* AppDelegate.m */; };
		98DE50F81D043A1900DF4CF4 /* Main.storyboard in Resources */ = {isa = PBXBuildFile; fileRef = 98DE50F61D043A1900DF4CF4 /* Main.storyboard */; };
		98DE51081D043A1900DF4CF4 /* MyLotteryTests.m in Sources */ = {isa = PBXBuildFile; fileRef = 98DE51071D043A1900DF4CF4 /* MyLotteryTests.m */; };
		98DE51131D043A1900DF4CF4 /* MyLotteryUITests.m in Sources */ = {isa = PBXBuildFile; fileRef = 98DE51121D043A1900DF4CF4 /* MyLotteryUITests.m */; };
		98DE513E1D043C5D00DF4CF4 /* bjdc_howto.html in Resources */ = {isa = PBXBuildFile; fileRef = 98DE51211D043C5D00DF4CF4 /* bjdc_howto.html */; };
		98DE513F1D043C5D00DF4CF4 /* coupon_help.html in Resources */ = {isa = PBXBuildFile; fileRef = 98DE51221D043C5D00DF4CF4 /* coupon_help.html */; };
		98DE51401D043C5D00DF4CF4 /* credit_help.html in Resources */ = {isa = PBXBuildFile; fileRef = 98DE51231D043C5D00DF4CF4 /* credit_help.html */; };
		98DE51411D043C5D00DF4CF4 /* dlt_howto.html in Resources */ = {isa = PBXBuildFile; fileRef = 98DE51241D043C5D00DF4CF4 /* dlt_howto.html */; };
		98DE51421D043C5D00DF4CF4 /* f9_howto.html in Resources */ = {isa = PBXBuildFile; fileRef = 98DE51251D043C5D00DF4CF4 /* f9_howto.html */; };
		98DE51431D043C5D00DF4CF4 /* gdy11_howto.html in Resources */ = {isa = PBXBuildFile; fileRef = 98DE51261D043C5D00DF4CF4 /* gdy11_howto.html */; };
		98DE51441D043C5D00DF4CF4 /* group_record.html in Resources */ = {isa = PBXBuildFile; fileRef = 98DE51271D043C5D00DF4CF4 /* group_record.html */; };
		98DE51451D043C5D00DF4CF4 /* help.html in Resources */ = {isa = PBXBuildFile; fileRef = 98DE51281D043C5D00DF4CF4 /* help.html */; };
		98DE51461D043C5D00DF4CF4 /* helpGroupBuy.html in Resources */ = {isa = PBXBuildFile; fileRef = 98DE51291D043C5D00DF4CF4 /* helpGroupBuy.html */; };
		98DE51471D043C5D00DF4CF4 /* jclq_howto.html in Resources */ = {isa = PBXBuildFile; fileRef = 98DE512A1D043C5D00DF4CF4 /* jclq_howto.html */; };
		98DE51481D043C5D00DF4CF4 /* jczq_howto.html in Resources */ = {isa = PBXBuildFile; fileRef = 98DE512B1D043C5D00DF4CF4 /* jczq_howto.html */; };
		98DE51491D043C5D00DF4CF4 /* jxssc_howto.html in Resources */ = {isa = PBXBuildFile; fileRef = 98DE512C1D043C5D00DF4CF4 /* jxssc_howto.html */; };
		98DE514A1D043C5D00DF4CF4 /* jxy11_howto.html in Resources */ = {isa = PBXBuildFile; fileRef = 98DE512D1D043C5D00DF4CF4 /* jxy11_howto.html */; };
		98DE514B1D043C5D00DF4CF4 /* k2_howto.html in Resources */ = {isa = PBXBuildFile; fileRef = 98DE512E1D043C5D00DF4CF4 /* k2_howto.html */; };
		98DE514C1D043C5D00DF4CF4 /* k3_howto.html in Resources */ = {isa = PBXBuildFile; fileRef = 98DE512F1D043C5D00DF4CF4 /* k3_howto.html */; };
		98DE514D1D043C5D00DF4CF4 /* kl8_howto.html in Resources */ = {isa = PBXBuildFile; fileRef = 98DE51301D043C5D00DF4CF4 /* kl8_howto.html */; };
		98DE514E1D043C5D00DF4CF4 /* lk11_howto.html in Resources */ = {isa = PBXBuildFile; fileRef = 98DE51311D043C5D00DF4CF4 /* lk11_howto.html */; };
		98DE514F1D043C5D00DF4CF4 /* networkconnectedfailed.html in Resources */ = {isa = PBXBuildFile; fileRef = 98DE51321D043C5D00DF4CF4 /* networkconnectedfailed.html */; };
		98DE51501D043C5D00DF4CF4 /* pl3_howto.html in Resources */ = {isa = PBXBuildFile; fileRef = 98DE51331D043C5D00DF4CF4 /* pl3_howto.html */; };
		98DE51511D043C5D00DF4CF4 /* pl5_howto.html in Resources */ = {isa = PBXBuildFile; fileRef = 98DE51341D043C5D00DF4CF4 /* pl5_howto.html */; };
		98DE51521D043C5D00DF4CF4 /* qlc_howto.html in Resources */ = {isa = PBXBuildFile; fileRef = 98DE51351D043C5D00DF4CF4 /* qlc_howto.html */; };
		98DE51531D043C5D00DF4CF4 /* qxc_howto.html in Resources */ = {isa = PBXBuildFile; fileRef = 98DE51361D043C5D00DF4CF4 /* qxc_howto.html */; };
		98DE51541D043C5D00DF4CF4 /* rule.css in Resources */ = {isa = PBXBuildFile; fileRef = 98DE51371D043C5D00DF4CF4 /* rule.css */; };
		98DE51551D043C5D00DF4CF4 /* sfc_howto.html in Resources */ = {isa = PBXBuildFile; fileRef = 98DE51381D043C5D00DF4CF4 /* sfc_howto.html */; };
		98DE51561D043C5D00DF4CF4 /* ssc_howto.html in Resources */ = {isa = PBXBuildFile; fileRef = 98DE51391D043C5D00DF4CF4 /* ssc_howto.html */; };
		98DE51571D043C5D00DF4CF4 /* ssq_howto.html in Resources */ = {isa = PBXBuildFile; fileRef = 98DE513A1D043C5D00DF4CF4 /* ssq_howto.html */; };
		98DE51581D043C5D00DF4CF4 /* x3d_howto.html in Resources */ = {isa = PBXBuildFile; fileRef = 98DE513B1D043C5D00DF4CF4 /* x3d_howto.html */; };
		98DE51591D043C5D00DF4CF4 /* y11_howto.html in Resources */ = {isa = PBXBuildFile; fileRef = 98DE513C1D043C5D00DF4CF4 /* y11_howto.html */; };
		98DE515A1D043C5D00DF4CF4 /* znzh.html in Resources */ = {isa = PBXBuildFile; fileRef = 98DE513D1D043C5D00DF4CF4 /* znzh.html */; };
		98DE515E1D043C6900DF4CF4 /* cywt.json in Resources */ = {isa = PBXBuildFile; fileRef = 98DE515C1D043C6900DF4CF4 /* cywt.json */; };
		98DE515F1D043C6900DF4CF4 /* more_project.json in Resources */ = {isa = PBXBuildFile; fileRef = 98DE515D1D043C6900DF4CF4 /* more_project.json */; };
		98DE51611D043CAC00DF4CF4 /* Assets.xcassets in Resources */ = {isa = PBXBuildFile; fileRef = 98DE51601D043CAC00DF4CF4 /* Assets.xcassets */; };
		98FEB9971D60CB6E0028A715 /* HtmlViewController.m in Sources */ = {isa = PBXBuildFile; fileRef = 98FEB9961D60CB6E0028A715 /* HtmlViewController.m */; };
/* End PBXBuildFile section */

/* Begin PBXContainerItemProxy section */
		98DE51041D043A1900DF4CF4 /* PBXContainerItemProxy */ = {
			isa = PBXContainerItemProxy;
			containerPortal = 98DE50E21D043A1900DF4CF4 /* Project object */;
			proxyType = 1;
			remoteGlobalIDString = 98DE50E91D043A1900DF4CF4;
			remoteInfo = MyLottery;
		};
		98DE510F1D043A1900DF4CF4 /* PBXContainerItemProxy */ = {
			isa = PBXContainerItemProxy;
			containerPortal = 98DE50E21D043A1900DF4CF4 /* Project object */;
			proxyType = 1;
			remoteGlobalIDString = 98DE50E91D043A1900DF4CF4;
			remoteInfo = MyLottery;
		};
/* End PBXContainerItemProxy section */

/* Begin PBXFileReference section */
		988C29641D5B5585007E4123 /* MainTabBarController.h */ = {isa = PBXFileReference; fileEncoding = 4; lastKnownFileType = sourcecode.c.h; path = MainTabBarController.h; sourceTree = "<group>"; };
		988C29651D5B5585007E4123 /* MainTabBarController.m */ = {isa = PBXFileReference; fileEncoding = 4; lastKnownFileType = sourcecode.c.objc; path = MainTabBarController.m; sourceTree = "<group>"; };
		988C29691D5B7360007E4123 /* MyTabBar.h */ = {isa = PBXFileReference; fileEncoding = 4; lastKnownFileType = sourcecode.c.h; path = MyTabBar.h; sourceTree = "<group>"; };
		988C296A1D5B7360007E4123 /* MyTabBar.m */ = {isa = PBXFileReference; fileEncoding = 4; lastKnownFileType = sourcecode.c.objc; path = MyTabBar.m; sourceTree = "<group>"; };
		988C296C1D5B7561007E4123 /* MyTabBarButton.h */ = {isa = PBXFileReference; fileEncoding = 4; lastKnownFileType = sourcecode.c.h; path = MyTabBarButton.h; sourceTree = "<group>"; };
		988C296D1D5B7561007E4123 /* MyTabBarButton.m */ = {isa = PBXFileReference; fileEncoding = 4; lastKnownFileType = sourcecode.c.objc; path = MyTabBarButton.m; sourceTree = "<group>"; };
		988C296F1D5B8D3D007E4123 /* MyNavigationController.h */ = {isa = PBXFileReference; fileEncoding = 4; lastKnownFileType = sourcecode.c.h; path = MyNavigationController.h; sourceTree = "<group>"; };
		988C29701D5B8D3D007E4123 /* MyNavigationController.m */ = {isa = PBXFileReference; fileEncoding = 4; lastKnownFileType = sourcecode.c.objc; path = MyNavigationController.m; sourceTree = "<group>"; };
		988C29731D5B9065007E4123 /* PrefixHeader.pch */ = {isa = PBXFileReference; fileEncoding = 4; lastKnownFileType = sourcecode.c.h; path = PrefixHeader.pch; sourceTree = "<group>"; };
		988C297B1D5E26CF007E4123 /* UIImage+Extension.h */ = {isa = PBXFileReference; fileEncoding = 4; lastKnownFileType = sourcecode.c.h; path = "UIImage+Extension.h"; sourceTree = "<group>"; };
		988C297C1D5E26CF007E4123 /* UIImage+Extension.m */ = {isa = PBXFileReference; fileEncoding = 4; lastKnownFileType = sourcecode.c.objc; path = "UIImage+Extension.m"; sourceTree = "<group>"; };
		988C29801D5E279E007E4123 /* MineViewController.h */ = {isa = PBXFileReference; fileEncoding = 4; lastKnownFileType = sourcecode.c.h; path = MineViewController.h; sourceTree = "<group>"; };
		988C29811D5E279E007E4123 /* MineViewController.m */ = {isa = PBXFileReference; fileEncoding = 4; lastKnownFileType = sourcecode.c.objc; path = MineViewController.m; sourceTree = "<group>"; };
		988C29851D5E2FB9007E4123 /* SettingsController.h */ = {isa = PBXFileReference; fileEncoding = 4; lastKnownFileType = sourcecode.c.h; path = SettingsController.h; sourceTree = "<group>"; };
		988C29861D5E2FB9007E4123 /* SettingsController.m */ = {isa = PBXFileReference; fileEncoding = 4; lastKnownFileType = sourcecode.c.objc; path = SettingsController.m; sourceTree = "<group>"; };
		988C298B1D5E3E75007E4123 /* SettingsBaseItemModel.h */ = {isa = PBXFileReference; fileEncoding = 4; lastKnownFileType = sourcecode.c.h; path = SettingsBaseItemModel.h; sourceTree = "<group>"; };
		988C298C1D5E3E75007E4123 /* SettingsBaseItemModel.m */ = {isa = PBXFileReference; fileEncoding = 4; lastKnownFileType = sourcecode.c.objc; path = SettingsBaseItemModel.m; sourceTree = "<group>"; };
		988C298F1D5E420A007E4123 /* SettingsGroupModel.h */ = {isa = PBXFileReference; fileEncoding = 4; lastKnownFileType = sourcecode.c.h; path = SettingsGroupModel.h; sourceTree = "<group>"; };
		988C29901D5E420A007E4123 /* SettingsGroupModel.m */ = {isa = PBXFileReference; fileEncoding = 4; lastKnownFileType = sourcecode.c.objc; path = SettingsGroupModel.m; sourceTree = "<group>"; };
		988C29931D5E4DEB007E4123 /* SettingsTableViewCell.h */ = {isa = PBXFileReference; fileEncoding = 4; lastKnownFileType = sourcecode.c.h; path = SettingsTableViewCell.h; sourceTree = "<group>"; };
		988C29941D5E4DEB007E4123 /* SettingsTableViewCell.m */ = {isa = PBXFileReference; fileEncoding = 4; lastKnownFileType = sourcecode.c.objc; path = SettingsTableViewCell.m; sourceTree = "<group>"; };
		988C29971D5E5381007E4123 /* SettingsArrowItemModel.h */ = {isa = PBXFileReference; fileEncoding = 4; lastKnownFileType = sourcecode.c.h; path = SettingsArrowItemModel.h; sourceTree = "<group>"; };
		988C29981D5E5381007E4123 /* SettingsArrowItemModel.m */ = {isa = PBXFileReference; fileEncoding = 4; lastKnownFileType = sourcecode.c.objc; path = SettingsArrowItemModel.m; sourceTree = "<group>"; };
		988C299D1D5E5983007E4123 /* SettingsSwitchItemModel.h */ = {isa = PBXFileReference; fileEncoding = 4; lastKnownFileType = sourcecode.c.h; path = SettingsSwitchItemModel.h; sourceTree = "<group>"; };
		988C299E1D5E5983007E4123 /* SettingsSwitchItemModel.m */ = {isa = PBXFileReference; fileEncoding = 4; lastKnownFileType = sourcecode.c.objc; path = SettingsSwitchItemModel.m; sourceTree = "<group>"; };
		988C29A21D5E6E02007E4123 /* MBProgressHUD.h */ = {isa = PBXFileReference; fileEncoding = 4; lastKnownFileType = sourcecode.c.h; path = MBProgressHUD.h; sourceTree = "<group>"; };
		988C29A31D5E6E02007E4123 /* MBProgressHUD.m */ = {isa = PBXFileReference; fileEncoding = 4; lastKnownFileType = sourcecode.c.objc; path = MBProgressHUD.m; sourceTree = "<group>"; };
		988C29A51D5E6E80007E4123 /* MBProgressHUD+Extension.h */ = {isa = PBXFileReference; fileEncoding = 4; lastKnownFileType = sourcecode.c.h; path = "MBProgressHUD+Extension.h"; sourceTree = "<group>"; };
		988C29A61D5E6E80007E4123 /* MBProgressHUD+Extension.m */ = {isa = PBXFileReference; fileEncoding = 4; lastKnownFileType = sourcecode.c.objc; path = "MBProgressHUD+Extension.m"; sourceTree = "<group>"; };
		988C29AA1D60C44E007E4123 /* help.json */ = {isa = PBXFileReference; fileEncoding = 4; lastKnownFileType = text.json; path = help.json; sourceTree = "<group>"; };
		988C29AC1D60C470007E4123 /* HelpModel.h */ = {isa = PBXFileReference; fileEncoding = 4; lastKnownFileType = sourcecode.c.h; path = HelpModel.h; sourceTree = "<group>"; };
		988C29AD1D60C470007E4123 /* HelpModel.m */ = {isa = PBXFileReference; fileEncoding = 4; lastKnownFileType = sourcecode.c.objc; path = HelpModel.m; sourceTree = "<group>"; };
		988C29B11D60C541007E4123 /* SettingsBaseController.h */ = {isa = PBXFileReference; fileEncoding = 4; lastKnownFileType = sourcecode.c.h; path = SettingsBaseController.h; sourceTree = "<group>"; };
		988C29B21D60C541007E4123 /* SettingsBaseController.m */ = {isa = PBXFileReference; fileEncoding = 4; lastKnownFileType = sourcecode.c.objc; path = SettingsBaseController.m; sourceTree = "<group>"; };
		988C29B41D60C6D0007E4123 /* HelpController.h */ = {isa = PBXFileReference; fileEncoding = 4; lastKnownFileType = sourcecode.c.h; path = HelpController.h; sourceTree = "<group>"; };
		988C29B51D60C6D0007E4123 /* HelpController.m */ = {isa = PBXFileReference; fileEncoding = 4; lastKnownFileType = sourcecode.c.objc; path = HelpController.m; sourceTree = "<group>"; };
		98DE50EA1D043A1900DF4CF4 /* MyLottery.app */ = {isa = PBXFileReference; explicitFileType = wrapper.application; includeInIndex = 0; path = MyLottery.app; sourceTree = BUILT_PRODUCTS_DIR; };
		98DE50EE1D043A1900DF4CF4 /* main.m */ = {isa = PBXFileReference; lastKnownFileType = sourcecode.c.objc; path = main.m; sourceTree = "<group>"; };
		98DE50F01D043A1900DF4CF4 /* AppDelegate.h */ = {isa = PBXFileReference; lastKnownFileType = sourcecode.c.h; path = AppDelegate.h; sourceTree = "<group>"; };
		98DE50F11D043A1900DF4CF4 /* AppDelegate.m */ = {isa = PBXFileReference; lastKnownFileType = sourcecode.c.objc; path = AppDelegate.m; sourceTree = "<group>"; };
		98DE50F71D043A1900DF4CF4 /* Base */ = {isa = PBXFileReference; lastKnownFileType = file.storyboard; name = Base; path = Base.lproj/Main.storyboard; sourceTree = "<group>"; };
		98DE50FE1D043A1900DF4CF4 /* Info.plist */ = {isa = PBXFileReference; lastKnownFileType = text.plist.xml; path = Info.plist; sourceTree = "<group>"; };
		98DE51031D043A1900DF4CF4 /* MyLotteryTests.xctest */ = {isa = PBXFileReference; explicitFileType = wrapper.cfbundle; includeInIndex = 0; path = MyLotteryTests.xctest; sourceTree = BUILT_PRODUCTS_DIR; };
		98DE51071D043A1900DF4CF4 /* MyLotteryTests.m */ = {isa = PBXFileReference; lastKnownFileType = sourcecode.c.objc; path = MyLotteryTests.m; sourceTree = "<group>"; };
		98DE51091D043A1900DF4CF4 /* Info.plist */ = {isa = PBXFileReference; lastKnownFileType = text.plist.xml; path = Info.plist; sourceTree = "<group>"; };
		98DE510E1D043A1900DF4CF4 /* MyLotteryUITests.xctest */ = {isa = PBXFileReference; explicitFileType = wrapper.cfbundle; includeInIndex = 0; path = MyLotteryUITests.xctest; sourceTree = BUILT_PRODUCTS_DIR; };
		98DE51121D043A1900DF4CF4 /* MyLotteryUITests.m */ = {isa = PBXFileReference; lastKnownFileType = sourcecode.c.objc; path = MyLotteryUITests.m; sourceTree = "<group>"; };
		98DE51141D043A1900DF4CF4 /* Info.plist */ = {isa = PBXFileReference; lastKnownFileType = text.plist.xml; path = Info.plist; sourceTree = "<group>"; };
		98DE51211D043C5D00DF4CF4 /* bjdc_howto.html */ = {isa = PBXFileReference; fileEncoding = 4; lastKnownFileType = text.html; path = bjdc_howto.html; sourceTree = "<group>"; };
		98DE51221D043C5D00DF4CF4 /* coupon_help.html */ = {isa = PBXFileReference; fileEncoding = 4; lastKnownFileType = text.html; path = coupon_help.html; sourceTree = "<group>"; };
		98DE51231D043C5D00DF4CF4 /* credit_help.html */ = {isa = PBXFileReference; fileEncoding = 4; lastKnownFileType = text.html; path = credit_help.html; sourceTree = "<group>"; };
		98DE51241D043C5D00DF4CF4 /* dlt_howto.html */ = {isa = PBXFileReference; fileEncoding = 4; lastKnownFileType = text.html; path = dlt_howto.html; sourceTree = "<group>"; };
		98DE51251D043C5D00DF4CF4 /* f9_howto.html */ = {isa = PBXFileReference; fileEncoding = 4; lastKnownFileType = text.html; path = f9_howto.html; sourceTree = "<group>"; };
		98DE51261D043C5D00DF4CF4 /* gdy11_howto.html */ = {isa = PBXFileReference; fileEncoding = 4; lastKnownFileType = text.html; path = gdy11_howto.html; sourceTree = "<group>"; };
		98DE51271D043C5D00DF4CF4 /* group_record.html */ = {isa = PBXFileReference; fileEncoding = 4; lastKnownFileType = text.html; path = group_record.html; sourceTree = "<group>"; };
		98DE51281D043C5D00DF4CF4 /* help.html */ = {isa = PBXFileReference; fileEncoding = 4; lastKnownFileType = text.html; path = help.html; sourceTree = "<group>"; };
		98DE51291D043C5D00DF4CF4 /* helpGroupBuy.html */ = {isa = PBXFileReference; fileEncoding = 4; lastKnownFileType = text.html; path = helpGroupBuy.html; sourceTree = "<group>"; };
		98DE512A1D043C5D00DF4CF4 /* jclq_howto.html */ = {isa = PBXFileReference; fileEncoding = 4; lastKnownFileType = text.html; path = jclq_howto.html; sourceTree = "<group>"; };
		98DE512B1D043C5D00DF4CF4 /* jczq_howto.html */ = {isa = PBXFileReference; fileEncoding = 4; lastKnownFileType = text.html; path = jczq_howto.html; sourceTree = "<group>"; };
		98DE512C1D043C5D00DF4CF4 /* jxssc_howto.html */ = {isa = PBXFileReference; fileEncoding = 4; lastKnownFileType = text.html; path = jxssc_howto.html; sourceTree = "<group>"; };
		98DE512D1D043C5D00DF4CF4 /* jxy11_howto.html */ = {isa = PBXFileReference; fileEncoding = 4; lastKnownFileType = text.html; path = jxy11_howto.html; sourceTree = "<group>"; };
		98DE512E1D043C5D00DF4CF4 /* k2_howto.html */ = {isa = PBXFileReference; fileEncoding = 4; lastKnownFileType = text.html; path = k2_howto.html; sourceTree = "<group>"; };
		98DE512F1D043C5D00DF4CF4 /* k3_howto.html */ = {isa = PBXFileReference; fileEncoding = 4; lastKnownFileType = text.html; path = k3_howto.html; sourceTree = "<group>"; };
		98DE51301D043C5D00DF4CF4 /* kl8_howto.html */ = {isa = PBXFileReference; fileEncoding = 4; lastKnownFileType = text.html; path = kl8_howto.html; sourceTree = "<group>"; };
		98DE51311D043C5D00DF4CF4 /* lk11_howto.html */ = {isa = PBXFileReference; fileEncoding = 4; lastKnownFileType = text.html; path = lk11_howto.html; sourceTree = "<group>"; };
		98DE51321D043C5D00DF4CF4 /* networkconnectedfailed.html */ = {isa = PBXFileReference; fileEncoding = 4; lastKnownFileType = text.html; path = networkconnectedfailed.html; sourceTree = "<group>"; };
		98DE51331D043C5D00DF4CF4 /* pl3_howto.html */ = {isa = PBXFileReference; fileEncoding = 4; lastKnownFileType = text.html; path = pl3_howto.html; sourceTree = "<group>"; };
		98DE51341D043C5D00DF4CF4 /* pl5_howto.html */ = {isa = PBXFileReference; fileEncoding = 4; lastKnownFileType = text.html; path = pl5_howto.html; sourceTree = "<group>"; };
		98DE51351D043C5D00DF4CF4 /* qlc_howto.html */ = {isa = PBXFileReference; fileEncoding = 4; lastKnownFileType = text.html; path = qlc_howto.html; sourceTree = "<group>"; };
		98DE51361D043C5D00DF4CF4 /* qxc_howto.html */ = {isa = PBXFileReference; fileEncoding = 4; lastKnownFileType = text.html; path = qxc_howto.html; sourceTree = "<group>"; };
		98DE51371D043C5D00DF4CF4 /* rule.css */ = {isa = PBXFileReference; fileEncoding = 4; lastKnownFileType = text.css; path = rule.css; sourceTree = "<group>"; };
		98DE51381D043C5D00DF4CF4 /* sfc_howto.html */ = {isa = PBXFileReference; fileEncoding = 4; lastKnownFileType = text.html; path = sfc_howto.html; sourceTree = "<group>"; };
		98DE51391D043C5D00DF4CF4 /* ssc_howto.html */ = {isa = PBXFileReference; fileEncoding = 4; lastKnownFileType = text.html; path = ssc_howto.html; sourceTree = "<group>"; };
		98DE513A1D043C5D00DF4CF4 /* ssq_howto.html */ = {isa = PBXFileReference; fileEncoding = 4; lastKnownFileType = text.html; path = ssq_howto.html; sourceTree = "<group>"; };
		98DE513B1D043C5D00DF4CF4 /* x3d_howto.html */ = {isa = PBXFileReference; fileEncoding = 4; lastKnownFileType = text.html; path = x3d_howto.html; sourceTree = "<group>"; };
		98DE513C1D043C5D00DF4CF4 /* y11_howto.html */ = {isa = PBXFileReference; fileEncoding = 4; lastKnownFileType = text.html; path = y11_howto.html; sourceTree = "<group>"; };
		98DE513D1D043C5D00DF4CF4 /* znzh.html */ = {isa = PBXFileReference; fileEncoding = 4; lastKnownFileType = text.html; path = znzh.html; sourceTree = "<group>"; };
		98DE515C1D043C6900DF4CF4 /* cywt.json */ = {isa = PBXFileReference; fileEncoding = 4; lastKnownFileType = text.json; path = cywt.json; sourceTree = "<group>"; };
		98DE515D1D043C6900DF4CF4 /* more_project.json */ = {isa = PBXFileReference; fileEncoding = 4; lastKnownFileType = text.json; path = more_project.json; sourceTree = "<group>"; };
		98DE51601D043CAC00DF4CF4 /* Assets.xcassets */ = {isa = PBXFileReference; lastKnownFileType = folder.assetcatalog; path = Assets.xcassets; sourceTree = "<group>"; };
		98FEB9951D60CB6E0028A715 /* HtmlViewController.h */ = {isa = PBXFileReference; fileEncoding = 4; lastKnownFileType = sourcecode.c.h; path = HtmlViewController.h; sourceTree = "<group>"; };
		98FEB9961D60CB6E0028A715 /* HtmlViewController.m */ = {isa = PBXFileReference; fileEncoding = 4; lastKnownFileType = sourcecode.c.objc; path = HtmlViewController.m; sourceTree = "<group>"; };
/* End PBXFileReference section */

/* Begin PBXFrameworksBuildPhase section */
		98DE50E71D043A1900DF4CF4 /* Frameworks */ = {
			isa = PBXFrameworksBuildPhase;
			buildActionMask = 2147483647;
			files = (
			);
			runOnlyForDeploymentPostprocessing = 0;
		};
		98DE51001D043A1900DF4CF4 /* Frameworks */ = {
			isa = PBXFrameworksBuildPhase;
			buildActionMask = 2147483647;
			files = (
			);
			runOnlyForDeploymentPostprocessing = 0;
		};
		98DE510B1D043A1900DF4CF4 /* Frameworks */ = {
			isa = PBXFrameworksBuildPhase;
			buildActionMask = 2147483647;
			files = (
			);
			runOnlyForDeploymentPostprocessing = 0;
		};
/* End PBXFrameworksBuildPhase section */

/* Begin PBXGroup section */
		988C29761D5E2582007E4123 /* Other */ = {
			isa = PBXGroup;
			children = (
				988C29A01D5E6DD9007E4123 /* Lib */,
				988C29771D5E258B007E4123 /* Categry */,
			);
			name = Other;
			sourceTree = "<group>";
		};
		988C29771D5E258B007E4123 /* Categry */ = {
			isa = PBXGroup;
			children = (
				988C297B1D5E26CF007E4123 /* UIImage+Extension.h */,
				988C297C1D5E26CF007E4123 /* UIImage+Extension.m */,
				988C29A51D5E6E80007E4123 /* MBProgressHUD+Extension.h */,
				988C29A61D5E6E80007E4123 /* MBProgressHUD+Extension.m */,
			);
			name = Categry;
			sourceTree = "<group>";
		};
		988C297E1D5E2734007E4123 /* Mine */ = {
			isa = PBXGroup;
			children = (
				988C297F1D5E2762007E4123 /* Contoroller */,
			);
			name = Mine;
			sourceTree = "<group>";
		};
		988C297F1D5E2762007E4123 /* Contoroller */ = {
			isa = PBXGroup;
			children = (
				988C29801D5E279E007E4123 /* MineViewController.h */,
				988C29811D5E279E007E4123 /* MineViewController.m */,
			);
			name = Contoroller;
			sourceTree = "<group>";
		};
		988C29831D5E2F8A007E4123 /* Settings */ = {
			isa = PBXGroup;
			children = (
				988C29921D5E4DB2007E4123 /* View */,
				988C29881D5E3DFE007E4123 /* Model */,
				988C29841D5E2F93007E4123 /* Contotoller */,
			);
			name = Settings;
			sourceTree = "<group>";
		};
		988C29841D5E2F93007E4123 /* Contotoller */ = {
			isa = PBXGroup;
			children = (
				988C29B01D60C508007E4123 /* Settings */,
				988C29AF1D60C4FB007E4123 /* Help */,
			);
			name = Contotoller;
			sourceTree = "<group>";
		};
		988C29881D5E3DFE007E4123 /* Model */ = {
			isa = PBXGroup;
			children = (
				988C29A81D60C35F007E4123 /* Help */,
				988C29961D5E5299007E4123 /* Item */,
				988C298E1D5E41F2007E4123 /* Group */,
			);
			name = Model;
			sourceTree = "<group>";
		};
		988C298E1D5E41F2007E4123 /* Group */ = {
			isa = PBXGroup;
			children = (
				988C298F1D5E420A007E4123 /* SettingsGroupModel.h */,
				988C29901D5E420A007E4123 /* SettingsGroupModel.m */,
			);
			name = Group;
			sourceTree = "<group>";
		};
		988C29921D5E4DB2007E4123 /* View */ = {
			isa = PBXGroup;
			children = (
				988C29931D5E4DEB007E4123 /* SettingsTableViewCell.h */,
				988C29941D5E4DEB007E4123 /* SettingsTableViewCell.m */,
			);
			name = View;
			sourceTree = "<group>";
		};
		988C29961D5E5299007E4123 /* Item */ = {
			isa = PBXGroup;
			children = (
				988C298B1D5E3E75007E4123 /* SettingsBaseItemModel.h */,
				988C298C1D5E3E75007E4123 /* SettingsBaseItemModel.m */,
				988C29971D5E5381007E4123 /* SettingsArrowItemModel.h */,
				988C29981D5E5381007E4123 /* SettingsArrowItemModel.m */,
				988C299D1D5E5983007E4123 /* SettingsSwitchItemModel.h */,
				988C299E1D5E5983007E4123 /* SettingsSwitchItemModel.m */,
			);
			name = Item;
			sourceTree = "<group>";
		};
		988C29A01D5E6DD9007E4123 /* Lib */ = {
			isa = PBXGroup;
			children = (
				988C29A11D5E6DE0007E4123 /* MBProgressHUD */,
			);
			name = Lib;
			sourceTree = "<group>";
		};
		988C29A11D5E6DE0007E4123 /* MBProgressHUD */ = {
			isa = PBXGroup;
			children = (
				988C29A21D5E6E02007E4123 /* MBProgressHUD.h */,
				988C29A31D5E6E02007E4123 /* MBProgressHUD.m */,
			);
			name = MBProgressHUD;
			sourceTree = "<group>";
		};
		988C29A81D60C35F007E4123 /* Help */ = {
			isa = PBXGroup;
			children = (
				988C29AC1D60C470007E4123 /* HelpModel.h */,
				988C29AD1D60C470007E4123 /* HelpModel.m */,
			);
			name = Help;
			sourceTree = "<group>";
		};
		988C29A91D60C434007E4123 /* Json */ = {
			isa = PBXGroup;
			children = (
				988C29AA1D60C44E007E4123 /* help.json */,
				98DE515C1D043C6900DF4CF4 /* cywt.json */,
				98DE515D1D043C6900DF4CF4 /* more_project.json */,
			);
			name = Json;
			sourceTree = "<group>";
		};
		988C29AF1D60C4FB007E4123 /* Help */ = {
			isa = PBXGroup;
			children = (
				988C29B41D60C6D0007E4123 /* HelpController.h */,
				988C29B51D60C6D0007E4123 /* HelpController.m */,
				98FEB9951D60CB6E0028A715 /* HtmlViewController.h */,
				98FEB9961D60CB6E0028A715 /* HtmlViewController.m */,
			);
			name = Help;
			sourceTree = "<group>";
		};
		988C29B01D60C508007E4123 /* Settings */ = {
			isa = PBXGroup;
			children = (
				988C29851D5E2FB9007E4123 /* SettingsController.h */,
				988C29861D5E2FB9007E4123 /* SettingsController.m */,
				988C29B11D60C541007E4123 /* SettingsBaseController.h */,
				988C29B21D60C541007E4123 /* SettingsBaseController.m */,
			);
			name = Settings;
			sourceTree = "<group>";
		};
		98DE50E11D043A1900DF4CF4 = {
			isa = PBXGroup;
			children = (
				98DE50EC1D043A1900DF4CF4 /* MyLottery */,
				98DE51061D043A1900DF4CF4 /* MyLotteryTests */,
				98DE51111D043A1900DF4CF4 /* MyLotteryUITests */,
				98DE50EB1D043A1900DF4CF4 /* Products */,
			);
			sourceTree = "<group>";
		};
		98DE50EB1D043A1900DF4CF4 /* Products */ = {
			isa = PBXGroup;
			children = (
				98DE50EA1D043A1900DF4CF4 /* MyLottery.app */,
				98DE51031D043A1900DF4CF4 /* MyLotteryTests.xctest */,
				98DE510E1D043A1900DF4CF4 /* MyLotteryUITests.xctest */,
			);
			name = Products;
			sourceTree = "<group>";
		};
		98DE50EC1D043A1900DF4CF4 /* MyLottery */ = {
			isa = PBXGroup;
			children = (
				98DE51621D043D4E00DF4CF4 /* Class */,
				98DE50ED1D043A1900DF4CF4 /* Supporting Files */,
			);
			path = MyLottery;
			sourceTree = "<group>";
		};
		98DE50ED1D043A1900DF4CF4 /* Supporting Files */ = {
			isa = PBXGroup;
			children = (
				98DE50F01D043A1900DF4CF4 /* AppDelegate.h */,
				98DE50F11D043A1900DF4CF4 /* AppDelegate.m */,
				98DE50F61D043A1900DF4CF4 /* Main.storyboard */,
				98DE50FE1D043A1900DF4CF4 /* Info.plist */,
				98DE51601D043CAC00DF4CF4 /* Assets.xcassets */,
				98DE515B1D043C6900DF4CF4 /* Data */,
				98DE51201D043C5D00DF4CF4 /* Html */,
				98DE50EE1D043A1900DF4CF4 /* main.m */,
				988C29731D5B9065007E4123 /* PrefixHeader.pch */,
			);
			name = "Supporting Files";
			sourceTree = "<group>";
		};
		98DE51061D043A1900DF4CF4 /* MyLotteryTests */ = {
			isa = PBXGroup;
			children = (
				98DE51071D043A1900DF4CF4 /* MyLotteryTests.m */,
				98DE51091D043A1900DF4CF4 /* Info.plist */,
			);
			path = MyLotteryTests;
			sourceTree = "<group>";
		};
		98DE51111D043A1900DF4CF4 /* MyLotteryUITests */ = {
			isa = PBXGroup;
			children = (
				98DE51121D043A1900DF4CF4 /* MyLotteryUITests.m */,
				98DE51141D043A1900DF4CF4 /* Info.plist */,
			);
			path = MyLotteryUITests;
			sourceTree = "<group>";
		};
		98DE51201D043C5D00DF4CF4 /* Html */ = {
			isa = PBXGroup;
			children = (
				98DE51211D043C5D00DF4CF4 /* bjdc_howto.html */,
				98DE51221D043C5D00DF4CF4 /* coupon_help.html */,
				98DE51231D043C5D00DF4CF4 /* credit_help.html */,
				98DE51241D043C5D00DF4CF4 /* dlt_howto.html */,
				98DE51251D043C5D00DF4CF4 /* f9_howto.html */,
				98DE51261D043C5D00DF4CF4 /* gdy11_howto.html */,
				98DE51271D043C5D00DF4CF4 /* group_record.html */,
				98DE51281D043C5D00DF4CF4 /* help.html */,
				98DE51291D043C5D00DF4CF4 /* helpGroupBuy.html */,
				98DE512A1D043C5D00DF4CF4 /* jclq_howto.html */,
				98DE512B1D043C5D00DF4CF4 /* jczq_howto.html */,
				98DE512C1D043C5D00DF4CF4 /* jxssc_howto.html */,
				98DE512D1D043C5D00DF4CF4 /* jxy11_howto.html */,
				98DE512E1D043C5D00DF4CF4 /* k2_howto.html */,
				98DE512F1D043C5D00DF4CF4 /* k3_howto.html */,
				98DE51301D043C5D00DF4CF4 /* kl8_howto.html */,
				98DE51311D043C5D00DF4CF4 /* lk11_howto.html */,
				98DE51321D043C5D00DF4CF4 /* networkconnectedfailed.html */,
				98DE51331D043C5D00DF4CF4 /* pl3_howto.html */,
				98DE51341D043C5D00DF4CF4 /* pl5_howto.html */,
				98DE51351D043C5D00DF4CF4 /* qlc_howto.html */,
				98DE51361D043C5D00DF4CF4 /* qxc_howto.html */,
				98DE51371D043C5D00DF4CF4 /* rule.css */,
				98DE51381D043C5D00DF4CF4 /* sfc_howto.html */,
				98DE51391D043C5D00DF4CF4 /* ssc_howto.html */,
				98DE513A1D043C5D00DF4CF4 /* ssq_howto.html */,
				98DE513B1D043C5D00DF4CF4 /* x3d_howto.html */,
				98DE513C1D043C5D00DF4CF4 /* y11_howto.html */,
				98DE513D1D043C5D00DF4CF4 /* znzh.html */,
			);
			path = Html;
			sourceTree = "<group>";
		};
		98DE515B1D043C6900DF4CF4 /* Data */ = {
			isa = PBXGroup;
			children = (
				988C29A91D60C434007E4123 /* Json */,
			);
			path = Data;
			sourceTree = "<group>";
		};
		98DE51621D043D4E00DF4CF4 /* Class */ = {
			isa = PBXGroup;
			children = (
				988C29831D5E2F8A007E4123 /* Settings */,
				988C297E1D5E2734007E4123 /* Mine */,
				988C29761D5E2582007E4123 /* Other */,
				98DE51651D043E3D00DF4CF4 /* Hall */,
				98DE51641D043E3700DF4CF4 /* Main */,
				98DE51631D043E2400DF4CF4 /* Settings */,
			);
			name = Class;
			sourceTree = "<group>";
		};
		98DE51631D043E2400DF4CF4 /* Settings */ = {
			isa = PBXGroup;
			children = (
			);
			name = Settings;
			sourceTree = "<group>";
		};
		98DE51641D043E3700DF4CF4 /* Main */ = {
			isa = PBXGroup;
			children = (
				98DE516B1D043E9B00DF4CF4 /* Controller */,
				98DE516A1D043E9500DF4CF4 /* View */,
				98DE51691D043E8F00DF4CF4 /* Model */,
			);
			name = Main;
			sourceTree = "<group>";
		};
		98DE51651D043E3D00DF4CF4 /* Hall */ = {
			isa = PBXGroup;
			children = (
				98DE51681D043E8000DF4CF4 /* Contoroller */,
				98DE51671D043E7800DF4CF4 /* View */,
				98DE51661D043E7200DF4CF4 /* Model */,
			);
			name = Hall;
			sourceTree = "<group>";
		};
		98DE51661D043E7200DF4CF4 /* Model */ = {
			isa = PBXGroup;
			children = (
			);
			name = Model;
			sourceTree = "<group>";
		};
		98DE51671D043E7800DF4CF4 /* View */ = {
			isa = PBXGroup;
			children = (
			);
			name = View;
			sourceTree = "<group>";
		};
		98DE51681D043E8000DF4CF4 /* Contoroller */ = {
			isa = PBXGroup;
			children = (
			);
			name = Contoroller;
			sourceTree = "<group>";
		};
		98DE51691D043E8F00DF4CF4 /* Model */ = {
			isa = PBXGroup;
			children = (
			);
			name = Model;
			sourceTree = "<group>";
		};
		98DE516A1D043E9500DF4CF4 /* View */ = {
			isa = PBXGroup;
			children = (
				988C29691D5B7360007E4123 /* MyTabBar.h */,
				988C296A1D5B7360007E4123 /* MyTabBar.m */,
				988C296C1D5B7561007E4123 /* MyTabBarButton.h */,
				988C296D1D5B7561007E4123 /* MyTabBarButton.m */,
			);
			name = View;
			sourceTree = "<group>";
		};
		98DE516B1D043E9B00DF4CF4 /* Controller */ = {
			isa = PBXGroup;
			children = (
				988C29641D5B5585007E4123 /* MainTabBarController.h */,
				988C29651D5B5585007E4123 /* MainTabBarController.m */,
				988C296F1D5B8D3D007E4123 /* MyNavigationController.h */,
				988C29701D5B8D3D007E4123 /* MyNavigationController.m */,
			);
			name = Controller;
			sourceTree = "<group>";
		};
/* End PBXGroup section */

/* Begin PBXNativeTarget section */
		98DE50E91D043A1900DF4CF4 /* MyLottery */ = {
			isa = PBXNativeTarget;
			buildConfigurationList = 98DE51171D043A1900DF4CF4 /* Build configuration list for PBXNativeTarget "MyLottery" */;
			buildPhases = (
				98DE50E61D043A1900DF4CF4 /* Sources */,
				98DE50E71D043A1900DF4CF4 /* Frameworks */,
				98DE50E81D043A1900DF4CF4 /* Resources */,
			);
			buildRules = (
			);
			dependencies = (
			);
			name = MyLottery;
			productName = MyLottery;
			productReference = 98DE50EA1D043A1900DF4CF4 /* MyLottery.app */;
			productType = "com.apple.product-type.application";
		};
		98DE51021D043A1900DF4CF4 /* MyLotteryTests */ = {
			isa = PBXNativeTarget;
			buildConfigurationList = 98DE511A1D043A1900DF4CF4 /* Build configuration list for PBXNativeTarget "MyLotteryTests" */;
			buildPhases = (
				98DE50FF1D043A1900DF4CF4 /* Sources */,
				98DE51001D043A1900DF4CF4 /* Frameworks */,
				98DE51011D043A1900DF4CF4 /* Resources */,
			);
			buildRules = (
			);
			dependencies = (
				98DE51051D043A1900DF4CF4 /* PBXTargetDependency */,
			);
			name = MyLotteryTests;
			productName = MyLotteryTests;
			productReference = 98DE51031D043A1900DF4CF4 /* MyLotteryTests.xctest */;
			productType = "com.apple.product-type.bundle.unit-test";
		};
		98DE510D1D043A1900DF4CF4 /* MyLotteryUITests */ = {
			isa = PBXNativeTarget;
			buildConfigurationList = 98DE511D1D043A1900DF4CF4 /* Build configuration list for PBXNativeTarget "MyLotteryUITests" */;
			buildPhases = (
				98DE510A1D043A1900DF4CF4 /* Sources */,
				98DE510B1D043A1900DF4CF4 /* Frameworks */,
				98DE510C1D043A1900DF4CF4 /* Resources */,
			);
			buildRules = (
			);
			dependencies = (
				98DE51101D043A1900DF4CF4 /* PBXTargetDependency */,
			);
			name = MyLotteryUITests;
			productName = MyLotteryUITests;
			productReference = 98DE510E1D043A1900DF4CF4 /* MyLotteryUITests.xctest */;
			productType = "com.apple.product-type.bundle.ui-testing";
		};
/* End PBXNativeTarget section */

/* Begin PBXProject section */
		98DE50E21D043A1900DF4CF4 /* Project object */ = {
			isa = PBXProject;
			attributes = {
				LastUpgradeCheck = 0730;
				ORGANIZATIONNAME = "李贵";
				TargetAttributes = {
					98DE50E91D043A1900DF4CF4 = {
						CreatedOnToolsVersion = 7.3.1;
						DevelopmentTeam = 5G5P6RWVL8;
					};
					98DE51021D043A1900DF4CF4 = {
						CreatedOnToolsVersion = 7.3.1;
						DevelopmentTeam = 5G5P6RWVL8;
						TestTargetID = 98DE50E91D043A1900DF4CF4;
					};
					98DE510D1D043A1900DF4CF4 = {
						CreatedOnToolsVersion = 7.3.1;
						DevelopmentTeam = 5G5P6RWVL8;
						TestTargetID = 98DE50E91D043A1900DF4CF4;
					};
				};
			};
			buildConfigurationList = 98DE50E51D043A1900DF4CF4 /* Build configuration list for PBXProject "MyLottery" */;
			compatibilityVersion = "Xcode 3.2";
			developmentRegion = English;
			hasScannedForEncodings = 0;
			knownRegions = (
				en,
				Base,
			);
			mainGroup = 98DE50E11D043A1900DF4CF4;
			productRefGroup = 98DE50EB1D043A1900DF4CF4 /* Products */;
			projectDirPath = "";
			projectRoot = "";
			targets = (
				98DE50E91D043A1900DF4CF4 /* MyLottery */,
				98DE51021D043A1900DF4CF4 /* MyLotteryTests */,
				98DE510D1D043A1900DF4CF4 /* MyLotteryUITests */,
			);
		};
/* End PBXProject section */

/* Begin PBXResourcesBuildPhase section */
		98DE50E81D043A1900DF4CF4 /* Resources */ = {
			isa = PBXResourcesBuildPhase;
			buildActionMask = 2147483647;
			files = (
				98DE514A1D043C5D00DF4CF4 /* jxy11_howto.html in Resources */,
				98DE51401D043C5D00DF4CF4 /* credit_help.html in Resources */,
				98DE51561D043C5D00DF4CF4 /* ssc_howto.html in Resources */,
				98DE51451D043C5D00DF4CF4 /* help.html in Resources */,
				98DE51501D043C5D00DF4CF4 /* pl3_howto.html in Resources */,
				98DE51611D043CAC00DF4CF4 /* Assets.xcassets in Resources */,
				98DE515F1D043C6900DF4CF4 /* more_project.json in Resources */,
				98DE51431D043C5D00DF4CF4 /* gdy11_howto.html in Resources */,
				988C29AB1D60C44E007E4123 /* help.json in Resources */,
				98DE51411D043C5D00DF4CF4 /* dlt_howto.html in Resources */,
				98DE51591D043C5D00DF4CF4 /* y11_howto.html in Resources */,
				98DE51541D043C5D00DF4CF4 /* rule.css in Resources */,
				98DE513E1D043C5D00DF4CF4 /* bjdc_howto.html in Resources */,
				98DE514E1D043C5D00DF4CF4 /* lk11_howto.html in Resources */,
				98DE51461D043C5D00DF4CF4 /* helpGroupBuy.html in Resources */,
				98DE51441D043C5D00DF4CF4 /* group_record.html in Resources */,
				98DE514D1D043C5D00DF4CF4 /* kl8_howto.html in Resources */,
				98DE51531D043C5D00DF4CF4 /* qxc_howto.html in Resources */,
				98DE51571D043C5D00DF4CF4 /* ssq_howto.html in Resources */,
				98DE51511D043C5D00DF4CF4 /* pl5_howto.html in Resources */,
				98DE514F1D043C5D00DF4CF4 /* networkconnectedfailed.html in Resources */,
				98DE51471D043C5D00DF4CF4 /* jclq_howto.html in Resources */,
				98DE51491D043C5D00DF4CF4 /* jxssc_howto.html in Resources */,
				98DE515A1D043C5D00DF4CF4 /* znzh.html in Resources */,
				98DE51551D043C5D00DF4CF4 /* sfc_howto.html in Resources */,
				98DE515E1D043C6900DF4CF4 /* cywt.json in Resources */,
				98DE51521D043C5D00DF4CF4 /* qlc_howto.html in Resources */,
				98DE50F81D043A1900DF4CF4 /* Main.storyboard in Resources */,
				98DE513F1D043C5D00DF4CF4 /* coupon_help.html in Resources */,
				98DE514B1D043C5D00DF4CF4 /* k2_howto.html in Resources */,
				98DE51481D043C5D00DF4CF4 /* jczq_howto.html in Resources */,
				98DE514C1D043C5D00DF4CF4 /* k3_howto.html in Resources */,
				98DE51581D043C5D00DF4CF4 /* x3d_howto.html in Resources */,
				98DE51421D043C5D00DF4CF4 /* f9_howto.html in Resources */,
			);
			runOnlyForDeploymentPostprocessing = 0;
		};
		98DE51011D043A1900DF4CF4 /* Resources */ = {
			isa = PBXResourcesBuildPhase;
			buildActionMask = 2147483647;
			files = (
			);
			runOnlyForDeploymentPostprocessing = 0;
		};
		98DE510C1D043A1900DF4CF4 /* Resources */ = {
			isa = PBXResourcesBuildPhase;
			buildActionMask = 2147483647;
			files = (
			);
			runOnlyForDeploymentPostprocessing = 0;
		};
/* End PBXResourcesBuildPhase section */

/* Begin PBXSourcesBuildPhase section */
		98DE50E61D043A1900DF4CF4 /* Sources */ = {
			isa = PBXSourcesBuildPhase;
			buildActionMask = 2147483647;
			files = (
				988C29711D5B8D3D007E4123 /* MyNavigationController.m in Sources */,
				988C29B61D60C6D0007E4123 /* HelpController.m in Sources */,
				988C297D1D5E26CF007E4123 /* UIImage+Extension.m in Sources */,
				988C29951D5E4DEB007E4123 /* SettingsTableViewCell.m in Sources */,
				988C296E1D5B7561007E4123 /* MyTabBarButton.m in Sources */,
				988C29991D5E5382007E4123 /* SettingsArrowItemModel.m in Sources */,
				988C299F1D5E5983007E4123 /* SettingsSwitchItemModel.m in Sources */,
				988C29871D5E2FB9007E4123 /* SettingsController.m in Sources */,
				988C29B31D60C541007E4123 /* SettingsBaseController.m in Sources */,
				98DE50F21D043A1900DF4CF4 /* AppDelegate.m in Sources */,
				988C29AE1D60C470007E4123 /* HelpModel.m in Sources */,
				98DE50EF1D043A1900DF4CF4 /* main.m in Sources */,
				988C29661D5B5585007E4123 /* MainTabBarController.m in Sources */,
				988C298D1D5E3E75007E4123 /* SettingsBaseItemModel.m in Sources */,
				988C29911D5E420A007E4123 /* SettingsGroupModel.m in Sources */,
				98FEB9971D60CB6E0028A715 /* HtmlViewController.m in Sources */,
				988C296B1D5B7360007E4123 /* MyTabBar.m in Sources */,
				988C29821D5E279E007E4123 /* MineViewController.m in Sources */,
				988C29A41D5E6E02007E4123 /* MBProgressHUD.m in Sources */,
				988C29A71D5E6E80007E4123 /* MBProgressHUD+Extension.m in Sources */,
			);
			runOnlyForDeploymentPostprocessing = 0;
		};
		98DE50FF1D043A1900DF4CF4 /* Sources */ = {
			isa = PBXSourcesBuildPhase;
			buildActionMask = 2147483647;
			files = (
				98DE51081D043A1900DF4CF4 /* MyLotteryTests.m in Sources */,
			);
			runOnlyForDeploymentPostprocessing = 0;
		};
		98DE510A1D043A1900DF4CF4 /* Sources */ = {
			isa = PBXSourcesBuildPhase;
			buildActionMask = 2147483647;
			files = (
				98DE51131D043A1900DF4CF4 /* MyLotteryUITests.m in Sources */,
			);
			runOnlyForDeploymentPostprocessing = 0;
		};
/* End PBXSourcesBuildPhase section */

/* Begin PBXTargetDependency section */
		98DE51051D043A1900DF4CF4 /* PBXTargetDependency */ = {
			isa = PBXTargetDependency;
			target = 98DE50E91D043A1900DF4CF4 /* MyLottery */;
			targetProxy = 98DE51041D043A1900DF4CF4 /* PBXContainerItemProxy */;
		};
		98DE51101D043A1900DF4CF4 /* PBXTargetDependency */ = {
			isa = PBXTargetDependency;
			target = 98DE50E91D043A1900DF4CF4 /* MyLottery */;
			targetProxy = 98DE510F1D043A1900DF4CF4 /* PBXContainerItemProxy */;
		};
/* End PBXTargetDependency section */

/* Begin PBXVariantGroup section */
		98DE50F61D043A1900DF4CF4 /* Main.storyboard */ = {
			isa = PBXVariantGroup;
			children = (
				98DE50F71D043A1900DF4CF4 /* Base */,
			);
			name = Main.storyboard;
			sourceTree = "<group>";
		};
/* End PBXVariantGroup section */

/* Begin XCBuildConfiguration section */
		98DE51151D043A1900DF4CF4 /* Debug */ = {
			isa = XCBuildConfiguration;
			buildSettings = {
				ALWAYS_SEARCH_USER_PATHS = NO;
				CLANG_ANALYZER_NONNULL = YES;
				CLANG_CXX_LANGUAGE_STANDARD = "gnu++0x";
				CLANG_CXX_LIBRARY = "libc++";
				CLANG_ENABLE_MODULES = YES;
				CLANG_ENABLE_OBJC_ARC = YES;
				CLANG_WARN_BOOL_CONVERSION = YES;
				CLANG_WARN_CONSTANT_CONVERSION = YES;
				CLANG_WARN_DIRECT_OBJC_ISA_USAGE = YES_ERROR;
				CLANG_WARN_EMPTY_BODY = YES;
				CLANG_WARN_ENUM_CONVERSION = YES;
				CLANG_WARN_INT_CONVERSION = YES;
				CLANG_WARN_OBJC_ROOT_CLASS = YES_ERROR;
				CLANG_WARN_UNREACHABLE_CODE = YES;
				CLANG_WARN__DUPLICATE_METHOD_MATCH = YES;
				"CODE_SIGN_IDENTITY[sdk=iphoneos*]" = "iPhone Developer";
				COPY_PHASE_STRIP = NO;
				DEBUG_INFORMATION_FORMAT = dwarf;
				ENABLE_STRICT_OBJC_MSGSEND = YES;
				ENABLE_TESTABILITY = YES;
				GCC_C_LANGUAGE_STANDARD = gnu99;
				GCC_DYNAMIC_NO_PIC = NO;
				GCC_NO_COMMON_BLOCKS = YES;
				GCC_OPTIMIZATION_LEVEL = 0;
				GCC_PRECOMPILE_PREFIX_HEADER = YES;
				GCC_PREFIX_HEADER = MyLottery/PrefixHeader.pch;
				GCC_PREPROCESSOR_DEFINITIONS = (
					"DEBUG=1",
					"$(inherited)",
				);
				GCC_WARN_64_TO_32_BIT_CONVERSION = YES;
				GCC_WARN_ABOUT_RETURN_TYPE = YES_ERROR;
				GCC_WARN_UNDECLARED_SELECTOR = YES;
				GCC_WARN_UNINITIALIZED_AUTOS = YES_AGGRESSIVE;
				GCC_WARN_UNUSED_FUNCTION = YES;
				GCC_WARN_UNUSED_VARIABLE = YES;
				IPHONEOS_DEPLOYMENT_TARGET = 9.3;
				MTL_ENABLE_DEBUG_INFO = YES;
				ONLY_ACTIVE_ARCH = YES;
				SDKROOT = iphoneos;
			};
			name = Debug;
		};
		98DE51161D043A1900DF4CF4 /* Release */ = {
			isa = XCBuildConfiguration;
			buildSettings = {
				ALWAYS_SEARCH_USER_PATHS = NO;
				CLANG_ANALYZER_NONNULL = YES;
				CLANG_CXX_LANGUAGE_STANDARD = "gnu++0x";
				CLANG_CXX_LIBRARY = "libc++";
				CLANG_ENABLE_MODULES = YES;
				CLANG_ENABLE_OBJC_ARC = YES;
				CLANG_WARN_BOOL_CONVERSION = YES;
				CLANG_WARN_CONSTANT_CONVERSION = YES;
				CLANG_WARN_DIRECT_OBJC_ISA_USAGE = YES_ERROR;
				CLANG_WARN_EMPTY_BODY = YES;
				CLANG_WARN_ENUM_CONVERSION = YES;
				CLANG_WARN_INT_CONVERSION = YES;
				CLANG_WARN_OBJC_ROOT_CLASS = YES_ERROR;
				CLANG_WARN_UNREACHABLE_CODE = YES;
				CLANG_WARN__DUPLICATE_METHOD_MATCH = YES;
				"CODE_SIGN_IDENTITY[sdk=iphoneos*]" = "iPhone Developer";
				COPY_PHASE_STRIP = NO;
				DEBUG_INFORMATION_FORMAT = "dwarf-with-dsym";
				ENABLE_NS_ASSERTIONS = NO;
				ENABLE_STRICT_OBJC_MSGSEND = YES;
				GCC_C_LANGUAGE_STANDARD = gnu99;
				GCC_NO_COMMON_BLOCKS = YES;
				GCC_PRECOMPILE_PREFIX_HEADER = YES;
				GCC_PREFIX_HEADER = MyLottery/PrefixHeader.pch;
				GCC_WARN_64_TO_32_BIT_CONVERSION = YES;
				GCC_WARN_ABOUT_RETURN_TYPE = YES_ERROR;
				GCC_WARN_UNDECLARED_SELECTOR = YES;
				GCC_WARN_UNINITIALIZED_AUTOS = YES_AGGRESSIVE;
				GCC_WARN_UNUSED_FUNCTION = YES;
				GCC_WARN_UNUSED_VARIABLE = YES;
				IPHONEOS_DEPLOYMENT_TARGET = 9.3;
				MTL_ENABLE_DEBUG_INFO = NO;
				SDKROOT = iphoneos;
				VALIDATE_PRODUCT = YES;
			};
			name = Release;
		};
		98DE51181D043A1900DF4CF4 /* Debug */ = {
			isa = XCBuildConfiguration;
			buildSettings = {
				ASSETCATALOG_COMPILER_APPICON_NAME = AppIcon;
				ASSETCATALOG_COMPILER_LAUNCHIMAGE_NAME = LaunchImage;
				GCC_INCREASE_PRECOMPILED_HEADER_SHARING = NO;
				GCC_PRECOMPILE_PREFIX_HEADER = YES;
				GCC_PREFIX_HEADER = MyLottery/PrefixHeader.pch;
				INFOPLIST_FILE = MyLottery/Info.plist;
				IPHONEOS_DEPLOYMENT_TARGET = 6.0;
				LD_RUNPATH_SEARCH_PATHS = "$(inherited) @executable_path/Frameworks";
				PRODUCT_BUNDLE_IDENTIFIER = com.ligui.MyLottery;
				PRODUCT_NAME = "$(TARGET_NAME)";
			};
			name = Debug;
		};
		98DE51191D043A1900DF4CF4 /* Release */ = {
			isa = XCBuildConfiguration;
			buildSettings = {
				ASSETCATALOG_COMPILER_APPICON_NAME = AppIcon;
				ASSETCATALOG_COMPILER_LAUNCHIMAGE_NAME = LaunchImage;
				GCC_INCREASE_PRECOMPILED_HEADER_SHARING = NO;
				GCC_PRECOMPILE_PREFIX_HEADER = YES;
				GCC_PREFIX_HEADER = MyLottery/PrefixHeader.pch;
				INFOPLIST_FILE = MyLottery/Info.plist;
				IPHONEOS_DEPLOYMENT_TARGET = 6.0;
				LD_RUNPATH_SEARCH_PATHS = "$(inherited) @executable_path/Frameworks";
				PRODUCT_BUNDLE_IDENTIFIER = com.ligui.MyLottery;
				PRODUCT_NAME = "$(TARGET_NAME)";
			};
			name = Release;
		};
		98DE511B1D043A1900DF4CF4 /* Debug */ = {
			isa = XCBuildConfiguration;
			buildSettings = {
				BUNDLE_LOADER = "$(TEST_HOST)";
				INFOPLIST_FILE = MyLotteryTests/Info.plist;
				LD_RUNPATH_SEARCH_PATHS = "$(inherited) @executable_path/Frameworks @loader_path/Frameworks";
				PRODUCT_BUNDLE_IDENTIFIER = com.ligui.MyLotteryTests;
				PRODUCT_NAME = "$(TARGET_NAME)";
				TEST_HOST = "$(BUILT_PRODUCTS_DIR)/MyLottery.app/MyLottery";
			};
			name = Debug;
		};
		98DE511C1D043A1900DF4CF4 /* Release */ = {
			isa = XCBuildConfiguration;
			buildSettings = {
				BUNDLE_LOADER = "$(TEST_HOST)";
				INFOPLIST_FILE = MyLotteryTests/Info.plist;
				LD_RUNPATH_SEARCH_PATHS = "$(inherited) @executable_path/Frameworks @loader_path/Frameworks";
				PRODUCT_BUNDLE_IDENTIFIER = com.ligui.MyLotteryTests;
				PRODUCT_NAME = "$(TARGET_NAME)";
				TEST_HOST = "$(BUILT_PRODUCTS_DIR)/MyLottery.app/MyLottery";
			};
			name = Release;
		};
		98DE511E1D043A1900DF4CF4 /* Debug */ = {
			isa = XCBuildConfiguration;
			buildSettings = {
				INFOPLIST_FILE = MyLotteryUITests/Info.plist;
				LD_RUNPATH_SEARCH_PATHS = "$(inherited) @executable_path/Frameworks @loader_path/Frameworks";
				PRODUCT_BUNDLE_IDENTIFIER = com.ligui.MyLotteryUITests;
				PRODUCT_NAME = "$(TARGET_NAME)";
				TEST_TARGET_NAME = MyLottery;
			};
			name = Debug;
		};
		98DE511F1D043A1900DF4CF4 /* Release */ = {
			isa = XCBuildConfiguration;
			buildSettings = {
				INFOPLIST_FILE = MyLotteryUITests/Info.plist;
				LD_RUNPATH_SEARCH_PATHS = "$(inherited) @executable_path/Frameworks @loader_path/Frameworks";
				PRODUCT_BUNDLE_IDENTIFIER = com.ligui.MyLotteryUITests;
				PRODUCT_NAME = "$(TARGET_NAME)";
				TEST_TARGET_NAME = MyLottery;
			};
			name = Release;
		};
/* End XCBuildConfiguration section */

/* Begin XCConfigurationList section */
		98DE50E51D043A1900DF4CF4 /* Build configuration list for PBXProject "MyLottery" */ = {
			isa = XCConfigurationList;
			buildConfigurations = (
				98DE51151D043A1900DF4CF4 /* Debug */,
				98DE51161D043A1900DF4CF4 /* Release */,
			);
			defaultConfigurationIsVisible = 0;
			defaultConfigurationName = Release;
		};
		98DE51171D043A1900DF4CF4 /* Build configuration list for PBXNativeTarget "MyLottery" */ = {
			isa = XCConfigurationList;
			buildConfigurations = (
				98DE51181D043A1900DF4CF4 /* Debug */,
				98DE51191D043A1900DF4CF4 /* Release */,
			);
			defaultConfigurationIsVisible = 0;
			defaultConfigurationName = Release;
		};
		98DE511A1D043A1900DF4CF4 /* Build configuration list for PBXNativeTarget "MyLotteryTests" */ = {
			isa = XCConfigurationList;
			buildConfigurations = (
				98DE511B1D043A1900DF4CF4 /* Debug */,
				98DE511C1D043A1900DF4CF4 /* Release */,
			);
			defaultConfigurationIsVisible = 0;
			defaultConfigurationName = Release;
		};
		98DE511D1D043A1900DF4CF4 /* Build configuration list for PBXNativeTarget "MyLotteryUITests" */ = {
			isa = XCConfigurationList;
			buildConfigurations = (
				98DE511E1D043A1900DF4CF4 /* Debug */,
				98DE511F1D043A1900DF4CF4 /* Release */,
			);
			defaultConfigurationIsVisible = 0;
			defaultConfigurationName = Release;
		};
/* End XCConfigurationList section */
	};
	rootObject = 98DE50E21D043A1900DF4CF4 /* Project object */;
}
